// !$*UTF8*$!
{
	archiveVersion = 1;
	classes = {
	};
	objectVersion = 50;
	objects = {

/* Begin PBXBuildFile section */
		C207E7A12592732700A04149 /* WKRunScript.swift in Sources */ = {isa = PBXBuildFile; fileRef = C207E79C2592732700A04149 /* WKRunScript.swift */; };
		C207E7A32592732700A04149 /* JSManager.swift in Sources */ = {isa = PBXBuildFile; fileRef = C207E79F2592732700A04149 /* JSManager.swift */; };
		C207E7A42592732700A04149 /* Script.swift in Sources */ = {isa = PBXBuildFile; fileRef = C207E7A02592732700A04149 /* Script.swift */; };
		C25FBE3C25CDA2C10002897E /* WebKit+Extension.swift in Sources */ = {isa = PBXBuildFile; fileRef = C25FBE3B25CDA2C10002897E /* WebKit+Extension.swift */; };
		C25FBE4025CDA4AA0002897E /* Functions.swift in Sources */ = {isa = PBXBuildFile; fileRef = C25FBE3F25CDA4AA0002897E /* Functions.swift */; };
		C25FBE4325CDADB50002897E /* Constants.swift in Sources */ = {isa = PBXBuildFile; fileRef = C25FBE4225CDADB50002897E /* Constants.swift */; };
		C25FBE4725CDB6FE0002897E /* URL+Extension.swift in Sources */ = {isa = PBXBuildFile; fileRef = C25FBE4625CDB6FE0002897E /* URL+Extension.swift */; };
		C286AC232591291F00A16965 /* dist in Resources */ = {isa = PBXBuildFile; fileRef = C286AC222591291F00A16965 /* dist */; };
		C286AC2625912BA400A16965 /* WindowController.swift in Sources */ = {isa = PBXBuildFile; fileRef = C286AC2525912BA400A16965 /* WindowController.swift */; };
		C286AC302591388500A16965 /* WebContent in Resources */ = {isa = PBXBuildFile; fileRef = C286AC2F2591388500A16965 /* WebContent */; };
		C29118D525CD88BD0023D3D3 /* TypeScript.swift in Sources */ = {isa = PBXBuildFile; fileRef = C29118D425CD88BD0023D3D3 /* TypeScript.swift */; };
		C29118D925CD8EC70023D3D3 /* String+Extension.swift in Sources */ = {isa = PBXBuildFile; fileRef = C29118D825CD8EC70023D3D3 /* String+Extension.swift */; };
		C2A3F24F25CCDED800ADDE4C /* TS-rename.swift in Sources */ = {isa = PBXBuildFile; fileRef = C2A3F24E25CCDED800ADDE4C /* TS-rename.swift */; };
		C2A3F25425CCE84F00ADDE4C /* WKExtensions.swift in Sources */ = {isa = PBXBuildFile; fileRef = C2A3F25325CCE84F00ADDE4C /* WKExtensions.swift */; };
		C2A3F25925CCEE3A00ADDE4C /* WKTSConfig.swift in Sources */ = {isa = PBXBuildFile; fileRef = C2A3F25825CCEE3A00ADDE4C /* WKTSConfig.swift */; };
		C2C0A68A258E7A680038A67C /* AppDelegate.swift in Sources */ = {isa = PBXBuildFile; fileRef = C2C0A689258E7A680038A67C /* AppDelegate.swift */; };
		C2C0A68C258E7A680038A67C /* ViewController.swift in Sources */ = {isa = PBXBuildFile; fileRef = C2C0A68B258E7A680038A67C /* ViewController.swift */; };
		C2C0A68E258E7A690038A67C /* Assets.xcassets in Resources */ = {isa = PBXBuildFile; fileRef = C2C0A68D258E7A690038A67C /* Assets.xcassets */; };
		C2C0A691258E7A690038A67C /* Main.storyboard in Resources */ = {isa = PBXBuildFile; fileRef = C2C0A68F258E7A690038A67C /* Main.storyboard */; };
/* End PBXBuildFile section */

/* Begin PBXBuildRule section */
		C286AC3825914FFD00A16965 /* PBXBuildRule */ = {
			isa = PBXBuildRule;
			compilerSpec = com.apple.compilers.proxy.script;
			fileType = pattern.proxy;
			inputFiles = (
			);
			isEditable = 1;
			name = "NPM Run Build";
			outputFiles = (
			);
			script = "# Type a script or drag a script file from your workspace to insert its path.\nnpm run build\n";
		};
/* End PBXBuildRule section */

/* Begin PBXFileReference section */
		C207E79C2592732700A04149 /* WKRunScript.swift */ = {isa = PBXFileReference; fileEncoding = 4; lastKnownFileType = sourcecode.swift; path = WKRunScript.swift; sourceTree = "<group>"; };
		C207E79F2592732700A04149 /* JSManager.swift */ = {isa = PBXFileReference; fileEncoding = 4; lastKnownFileType = sourcecode.swift; path = JSManager.swift; sourceTree = "<group>"; };
		C207E7A02592732700A04149 /* Script.swift */ = {isa = PBXFileReference; fileEncoding = 4; lastKnownFileType = sourcecode.swift; path = Script.swift; sourceTree = "<group>"; };
		C25FBE3B25CDA2C10002897E /* WebKit+Extension.swift */ = {isa = PBXFileReference; lastKnownFileType = sourcecode.swift; path = "WebKit+Extension.swift"; sourceTree = "<group>"; };
		C25FBE3F25CDA4AA0002897E /* Functions.swift */ = {isa = PBXFileReference; lastKnownFileType = sourcecode.swift; path = Functions.swift; sourceTree = "<group>"; };
		C25FBE4225CDADB50002897E /* Constants.swift */ = {isa = PBXFileReference; lastKnownFileType = sourcecode.swift; path = Constants.swift; sourceTree = "<group>"; };
		C25FBE4625CDB6FE0002897E /* URL+Extension.swift */ = {isa = PBXFileReference; lastKnownFileType = sourcecode.swift; path = "URL+Extension.swift"; sourceTree = "<group>"; };
		C286AC222591291F00A16965 /* dist */ = {isa = PBXFileReference; lastKnownFileType = folder; name = dist; path = ../../../dist; sourceTree = "<group>"; };
		C286AC2525912BA400A16965 /* WindowController.swift */ = {isa = PBXFileReference; lastKnownFileType = sourcecode.swift; path = WindowController.swift; sourceTree = "<group>"; };
		C286AC2F2591388500A16965 /* WebContent */ = {isa = PBXFileReference; lastKnownFileType = folder; name = WebContent; path = ../../WebContent; sourceTree = "<group>"; };
		C29118D425CD88BD0023D3D3 /* TypeScript.swift */ = {isa = PBXFileReference; lastKnownFileType = sourcecode.swift; path = TypeScript.swift; sourceTree = "<group>"; };
		C29118D825CD8EC70023D3D3 /* String+Extension.swift */ = {isa = PBXFileReference; lastKnownFileType = sourcecode.swift; path = "String+Extension.swift"; sourceTree = "<group>"; };
		C2A3F24E25CCDED800ADDE4C /* TS-rename.swift */ = {isa = PBXFileReference; lastKnownFileType = sourcecode.swift; path = "TS-rename.swift"; sourceTree = "<group>"; };
		C2A3F25325CCE84F00ADDE4C /* WKExtensions.swift */ = {isa = PBXFileReference; lastKnownFileType = sourcecode.swift; path = WKExtensions.swift; sourceTree = "<group>"; };
		C2A3F25825CCEE3A00ADDE4C /* WKTSConfig.swift */ = {isa = PBXFileReference; lastKnownFileType = sourcecode.swift; path = WKTSConfig.swift; sourceTree = "<group>"; };
		C2C0A686258E7A680038A67C /* Example.app */ = {isa = PBXFileReference; explicitFileType = wrapper.application; includeInIndex = 0; path = Example.app; sourceTree = BUILT_PRODUCTS_DIR; };
		C2C0A689258E7A680038A67C /* AppDelegate.swift */ = {isa = PBXFileReference; lastKnownFileType = sourcecode.swift; path = AppDelegate.swift; sourceTree = "<group>"; };
		C2C0A68B258E7A680038A67C /* ViewController.swift */ = {isa = PBXFileReference; lastKnownFileType = sourcecode.swift; path = ViewController.swift; sourceTree = "<group>"; };
		C2C0A68D258E7A690038A67C /* Assets.xcassets */ = {isa = PBXFileReference; lastKnownFileType = folder.assetcatalog; path = Assets.xcassets; sourceTree = "<group>"; };
		C2C0A690258E7A690038A67C /* Base */ = {isa = PBXFileReference; lastKnownFileType = file.storyboard; name = Base; path = Base.lproj/Main.storyboard; sourceTree = "<group>"; };
		C2C0A692258E7A690038A67C /* Info.plist */ = {isa = PBXFileReference; lastKnownFileType = text.plist.xml; path = Info.plist; sourceTree = "<group>"; };
		C2C0A693258E7A690038A67C /* Example.entitlements */ = {isa = PBXFileReference; lastKnownFileType = text.plist.entitlements; path = Example.entitlements; sourceTree = "<group>"; };
/* End PBXFileReference section */

/* Begin PBXFrameworksBuildPhase section */
		C2C0A683258E7A680038A67C /* Frameworks */ = {
			isa = PBXFrameworksBuildPhase;
			buildActionMask = 2147483647;
			files = (
			);
			runOnlyForDeploymentPostprocessing = 0;
		};
/* End PBXFrameworksBuildPhase section */

/* Begin PBXGroup section */
		C207E79B2592732700A04149 /* Shared */ = {
			isa = PBXGroup;
			children = (
				C2A3F24E25CCDED800ADDE4C /* TS-rename.swift */,
				C207E7A02592732700A04149 /* Script.swift */,
				C2A3F25825CCEE3A00ADDE4C /* WKTSConfig.swift */,
				C207E7A72592738700A04149 /* WebKit */,
			);
			name = Shared;
			path = ../../Shared;
			sourceTree = "<group>";
		};
		C207E7A72592738700A04149 /* WebKit */ = {
			isa = PBXGroup;
			children = (
				C207E79F2592732700A04149 /* JSManager.swift */,
				C207E79C2592732700A04149 /* WKRunScript.swift */,
				C2A3F25325CCE84F00ADDE4C /* WKExtensions.swift */,
			);
			path = WebKit;
			sourceTree = "<group>";
		};
		C29118D125CD887B0023D3D3 /* TypeScript */ = {
			isa = PBXGroup;
			children = (
				C29118D425CD88BD0023D3D3 /* TypeScript.swift */,
				C25FBE3F25CDA4AA0002897E /* Functions.swift */,
				C25FBE4225CDADB50002897E /* Constants.swift */,
				C29118D725CD8EA90023D3D3 /* Extensions */,
			);
			path = TypeScript;
			sourceTree = "<group>";
		};
		C29118D725CD8EA90023D3D3 /* Extensions */ = {
			isa = PBXGroup;
			children = (
				C29118D825CD8EC70023D3D3 /* String+Extension.swift */,
				C25FBE3B25CDA2C10002897E /* WebKit+Extension.swift */,
				C25FBE4625CDB6FE0002897E /* URL+Extension.swift */,
			);
			path = Extensions;
			sourceTree = "<group>";
		};
		C2C0A67D258E7A680038A67C = {
			isa = PBXGroup;
			children = (
				C2C0A688258E7A680038A67C /* Example */,
				C2C0A687258E7A680038A67C /* Products */,
			);
			sourceTree = "<group>";
		};
		C2C0A687258E7A680038A67C /* Products */ = {
			isa = PBXGroup;
			children = (
				C2C0A686258E7A680038A67C /* Example.app */,
			);
			name = Products;
			sourceTree = "<group>";
		};
		C2C0A688258E7A680038A67C /* Example */ = {
			isa = PBXGroup;
			children = (
				C2C0A689258E7A680038A67C /* AppDelegate.swift */,
				C286AC2525912BA400A16965 /* WindowController.swift */,
				C2C0A68B258E7A680038A67C /* ViewController.swift */,
				C29118D125CD887B0023D3D3 /* TypeScript */,
				C207E79B2592732700A04149 /* Shared */,
				C2C0A68D258E7A690038A67C /* Assets.xcassets */,
				C2C0A68F258E7A690038A67C /* Main.storyboard */,
				C2C0A692258E7A690038A67C /* Info.plist */,
				C2C0A693258E7A690038A67C /* Example.entitlements */,
				C286AC2F2591388500A16965 /* WebContent */,
				C286AC222591291F00A16965 /* dist */,
			);
			path = Example;
			sourceTree = "<group>";
		};
/* End PBXGroup section */

/* Begin PBXNativeTarget section */
		C2C0A685258E7A680038A67C /* Example */ = {
			isa = PBXNativeTarget;
			buildConfigurationList = C2C0A696258E7A690038A67C /* Build configuration list for PBXNativeTarget "Example" */;
			buildPhases = (
				C2C0A682258E7A680038A67C /* Sources */,
				C2C0A683258E7A680038A67C /* Frameworks */,
				C2C0A684258E7A680038A67C /* Resources */,
			);
			buildRules = (
				C286AC3825914FFD00A16965 /* PBXBuildRule */,
			);
			dependencies = (
			);
			name = Example;
			productName = Example;
			productReference = C2C0A686258E7A680038A67C /* Example.app */;
			productType = "com.apple.product-type.application";
		};
/* End PBXNativeTarget section */

/* Begin PBXProject section */
		C2C0A67E258E7A680038A67C /* Project object */ = {
			isa = PBXProject;
			attributes = {
				LastSwiftUpdateCheck = 1230;
				LastUpgradeCheck = 1240;
				TargetAttributes = {
					C2C0A685258E7A680038A67C = {
						CreatedOnToolsVersion = 12.3;
					};
				};
			};
			buildConfigurationList = C2C0A681258E7A680038A67C /* Build configuration list for PBXProject "Example" */;
			compatibilityVersion = "Xcode 9.3";
			developmentRegion = en;
			hasScannedForEncodings = 0;
			knownRegions = (
				en,
				Base,
			);
			mainGroup = C2C0A67D258E7A680038A67C;
			productRefGroup = C2C0A687258E7A680038A67C /* Products */;
			projectDirPath = "";
			projectRoot = "";
			targets = (
				C2C0A685258E7A680038A67C /* Example */,
			);
		};
/* End PBXProject section */

/* Begin PBXResourcesBuildPhase section */
		C2C0A684258E7A680038A67C /* Resources */ = {
			isa = PBXResourcesBuildPhase;
			buildActionMask = 2147483647;
			files = (
				C286AC232591291F00A16965 /* dist in Resources */,
				C2C0A68E258E7A690038A67C /* Assets.xcassets in Resources */,
				C2C0A691258E7A690038A67C /* Main.storyboard in Resources */,
				C286AC302591388500A16965 /* WebContent in Resources */,
			);
			runOnlyForDeploymentPostprocessing = 0;
		};
/* End PBXResourcesBuildPhase section */

/* Begin PBXSourcesBuildPhase section */
		C2C0A682258E7A680038A67C /* Sources */ = {
			isa = PBXSourcesBuildPhase;
			buildActionMask = 2147483647;
			files = (
				C207E7A32592732700A04149 /* JSManager.swift in Sources */,
				C25FBE4325CDADB50002897E /* Constants.swift in Sources */,
				C29118D925CD8EC70023D3D3 /* String+Extension.swift in Sources */,
				C2A3F25425CCE84F00ADDE4C /* WKExtensions.swift in Sources */,
				C207E7A42592732700A04149 /* Script.swift in Sources */,
				C2A3F25925CCEE3A00ADDE4C /* WKTSConfig.swift in Sources */,
				C25FBE4025CDA4AA0002897E /* Functions.swift in Sources */,
				C2A3F24F25CCDED800ADDE4C /* TS-rename.swift in Sources */,
				C25FBE4725CDB6FE0002897E /* URL+Extension.swift in Sources */,
				C207E7A12592732700A04149 /* WKRunScript.swift in Sources */,
				C25FBE3C25CDA2C10002897E /* WebKit+Extension.swift in Sources */,
				C29118D525CD88BD0023D3D3 /* TypeScript.swift in Sources */,
				C2C0A68C258E7A680038A67C /* ViewController.swift in Sources */,
				C286AC2625912BA400A16965 /* WindowController.swift in Sources */,
				C2C0A68A258E7A680038A67C /* AppDelegate.swift in Sources */,
			);
			runOnlyForDeploymentPostprocessing = 0;
		};
/* End PBXSourcesBuildPhase section */

/* Begin PBXVariantGroup section */
		C2C0A68F258E7A690038A67C /* Main.storyboard */ = {
			isa = PBXVariantGroup;
			children = (
				C2C0A690258E7A690038A67C /* Base */,
			);
			name = Main.storyboard;
			sourceTree = "<group>";
		};
/* End PBXVariantGroup section */

/* Begin XCBuildConfiguration section */
		C2C0A694258E7A690038A67C /* Debug */ = {
			isa = XCBuildConfiguration;
			buildSettings = {
				ALWAYS_SEARCH_USER_PATHS = NO;
				CLANG_ANALYZER_NONNULL = YES;
				CLANG_ANALYZER_NUMBER_OBJECT_CONVERSION = YES_AGGRESSIVE;
				CLANG_CXX_LANGUAGE_STANDARD = "gnu++14";
				CLANG_CXX_LIBRARY = "libc++";
				CLANG_ENABLE_MODULES = YES;
				CLANG_ENABLE_OBJC_ARC = YES;
				CLANG_ENABLE_OBJC_WEAK = YES;
				CLANG_WARN_BLOCK_CAPTURE_AUTORELEASING = YES;
				CLANG_WARN_BOOL_CONVERSION = YES;
				CLANG_WARN_COMMA = YES;
				CLANG_WARN_CONSTANT_CONVERSION = YES;
				CLANG_WARN_DEPRECATED_OBJC_IMPLEMENTATIONS = YES;
				CLANG_WARN_DIRECT_OBJC_ISA_USAGE = YES_ERROR;
				CLANG_WARN_DOCUMENTATION_COMMENTS = YES;
				CLANG_WARN_EMPTY_BODY = YES;
				CLANG_WARN_ENUM_CONVERSION = YES;
				CLANG_WARN_INFINITE_RECURSION = YES;
				CLANG_WARN_INT_CONVERSION = YES;
				CLANG_WARN_NON_LITERAL_NULL_CONVERSION = YES;
				CLANG_WARN_OBJC_IMPLICIT_RETAIN_SELF = YES;
				CLANG_WARN_OBJC_LITERAL_CONVERSION = YES;
				CLANG_WARN_OBJC_ROOT_CLASS = YES_ERROR;
				CLANG_WARN_QUOTED_INCLUDE_IN_FRAMEWORK_HEADER = YES;
				CLANG_WARN_RANGE_LOOP_ANALYSIS = YES;
				CLANG_WARN_STRICT_PROTOTYPES = YES;
				CLANG_WARN_SUSPICIOUS_MOVE = YES;
				CLANG_WARN_UNGUARDED_AVAILABILITY = YES_AGGRESSIVE;
				CLANG_WARN_UNREACHABLE_CODE = YES;
				CLANG_WARN__DUPLICATE_METHOD_MATCH = YES;
				COPY_PHASE_STRIP = NO;
				DEBUG_INFORMATION_FORMAT = dwarf;
				ENABLE_STRICT_OBJC_MSGSEND = YES;
				ENABLE_TESTABILITY = YES;
				GCC_C_LANGUAGE_STANDARD = gnu11;
				GCC_DYNAMIC_NO_PIC = NO;
				GCC_NO_COMMON_BLOCKS = YES;
				GCC_OPTIMIZATION_LEVEL = 0;
				GCC_PREPROCESSOR_DEFINITIONS = (
					"DEBUG=1",
					"$(inherited)",
				);
				GCC_WARN_64_TO_32_BIT_CONVERSION = YES;
				GCC_WARN_ABOUT_RETURN_TYPE = YES_ERROR;
				GCC_WARN_UNDECLARED_SELECTOR = YES;
				GCC_WARN_UNINITIALIZED_AUTOS = YES_AGGRESSIVE;
				GCC_WARN_UNUSED_FUNCTION = YES;
				GCC_WARN_UNUSED_VARIABLE = YES;
				MACOSX_DEPLOYMENT_TARGET = 11.1;
				MTL_ENABLE_DEBUG_INFO = INCLUDE_SOURCE;
				MTL_FAST_MATH = YES;
				ONLY_ACTIVE_ARCH = YES;
				SDKROOT = macosx;
				SWIFT_ACTIVE_COMPILATION_CONDITIONS = DEBUG;
				SWIFT_OPTIMIZATION_LEVEL = "-Onone";
			};
			name = Debug;
		};
		C2C0A695258E7A690038A67C /* Release */ = {
			isa = XCBuildConfiguration;
			buildSettings = {
				ALWAYS_SEARCH_USER_PATHS = NO;
				CLANG_ANALYZER_NONNULL = YES;
				CLANG_ANALYZER_NUMBER_OBJECT_CONVERSION = YES_AGGRESSIVE;
				CLANG_CXX_LANGUAGE_STANDARD = "gnu++14";
				CLANG_CXX_LIBRARY = "libc++";
				CLANG_ENABLE_MODULES = YES;
				CLANG_ENABLE_OBJC_ARC = YES;
				CLANG_ENABLE_OBJC_WEAK = YES;
				CLANG_WARN_BLOCK_CAPTURE_AUTORELEASING = YES;
				CLANG_WARN_BOOL_CONVERSION = YES;
				CLANG_WARN_COMMA = YES;
				CLANG_WARN_CONSTANT_CONVERSION = YES;
				CLANG_WARN_DEPRECATED_OBJC_IMPLEMENTATIONS = YES;
				CLANG_WARN_DIRECT_OBJC_ISA_USAGE = YES_ERROR;
				CLANG_WARN_DOCUMENTATION_COMMENTS = YES;
				CLANG_WARN_EMPTY_BODY = YES;
				CLANG_WARN_ENUM_CONVERSION = YES;
				CLANG_WARN_INFINITE_RECURSION = YES;
				CLANG_WARN_INT_CONVERSION = YES;
				CLANG_WARN_NON_LITERAL_NULL_CONVERSION = YES;
				CLANG_WARN_OBJC_IMPLICIT_RETAIN_SELF = YES;
				CLANG_WARN_OBJC_LITERAL_CONVERSION = YES;
				CLANG_WARN_OBJC_ROOT_CLASS = YES_ERROR;
				CLANG_WARN_QUOTED_INCLUDE_IN_FRAMEWORK_HEADER = YES;
				CLANG_WARN_RANGE_LOOP_ANALYSIS = YES;
				CLANG_WARN_STRICT_PROTOTYPES = YES;
				CLANG_WARN_SUSPICIOUS_MOVE = YES;
				CLANG_WARN_UNGUARDED_AVAILABILITY = YES_AGGRESSIVE;
				CLANG_WARN_UNREACHABLE_CODE = YES;
				CLANG_WARN__DUPLICATE_METHOD_MATCH = YES;
				COPY_PHASE_STRIP = NO;
				DEBUG_INFORMATION_FORMAT = "dwarf-with-dsym";
				ENABLE_NS_ASSERTIONS = NO;
				ENABLE_STRICT_OBJC_MSGSEND = YES;
				GCC_C_LANGUAGE_STANDARD = gnu11;
				GCC_NO_COMMON_BLOCKS = YES;
				GCC_WARN_64_TO_32_BIT_CONVERSION = YES;
				GCC_WARN_ABOUT_RETURN_TYPE = YES_ERROR;
				GCC_WARN_UNDECLARED_SELECTOR = YES;
				GCC_WARN_UNINITIALIZED_AUTOS = YES_AGGRESSIVE;
				GCC_WARN_UNUSED_FUNCTION = YES;
				GCC_WARN_UNUSED_VARIABLE = YES;
				MACOSX_DEPLOYMENT_TARGET = 11.1;
				MTL_ENABLE_DEBUG_INFO = NO;
				MTL_FAST_MATH = YES;
				SDKROOT = macosx;
				SWIFT_COMPILATION_MODE = wholemodule;
				SWIFT_OPTIMIZATION_LEVEL = "-O";
			};
			name = Release;
		};
		C2C0A697258E7A690038A67C /* Debug */ = {
			isa = XCBuildConfiguration;
			buildSettings = {
				ASSETCATALOG_COMPILER_APPICON_NAME = AppIcon;
				ASSETCATALOG_COMPILER_GLOBAL_ACCENT_COLOR_NAME = AccentColor;
				CODE_SIGN_ENTITLEMENTS = Example/Example.entitlements;
				CODE_SIGN_IDENTITY = "-";
				CODE_SIGN_STYLE = Automatic;
				COMBINE_HIDPI_IMAGES = YES;
				DEVELOPMENT_TEAM = 85N3S3DG8M;
				ENABLE_HARDENED_RUNTIME = YES;
				INFOPLIST_FILE = Example/Info.plist;
				LD_RUNPATH_SEARCH_PATHS = (
					"$(inherited)",
					"@executable_path/../Frameworks",
				);
				MACOSX_DEPLOYMENT_TARGET = 10.14;
				MARKETING_VERSION = 0.0.1;
				PRODUCT_BUNDLE_IDENTIFIER = com.interops.Example;
				PRODUCT_NAME = "$(TARGET_NAME)";
				SWIFT_VERSION = 5.0;
			};
			name = Debug;
		};
		C2C0A698258E7A690038A67C /* Release */ = {
			isa = XCBuildConfiguration;
			buildSettings = {
				ASSETCATALOG_COMPILER_APPICON_NAME = AppIcon;
				ASSETCATALOG_COMPILER_GLOBAL_ACCENT_COLOR_NAME = AccentColor;
				CODE_SIGN_ENTITLEMENTS = Example/Example.entitlements;
				CODE_SIGN_IDENTITY = "-";
				CODE_SIGN_STYLE = Automatic;
				COMBINE_HIDPI_IMAGES = YES;
				DEVELOPMENT_TEAM = 85N3S3DG8M;
				ENABLE_HARDENED_RUNTIME = YES;
				INFOPLIST_FILE = Example/Info.plist;
				LD_RUNPATH_SEARCH_PATHS = (
					"$(inherited)",
					"@executable_path/../Frameworks",
				);
				MACOSX_DEPLOYMENT_TARGET = 10.14;
				MARKETING_VERSION = 0.0.1;
				PRODUCT_BUNDLE_IDENTIFIER = com.interops.Example;
				PRODUCT_NAME = "$(TARGET_NAME)";
				SWIFT_VERSION = 5.0;
			};
			name = Release;
		};
/* End XCBuildConfiguration section */

/* Begin XCConfigurationList section */
		C2C0A681258E7A680038A67C /* Build configuration list for PBXProject "Example" */ = {
			isa = XCConfigurationList;
			buildConfigurations = (
				C2C0A694258E7A690038A67C /* Debug */,
				C2C0A695258E7A690038A67C /* Release */,
			);
			defaultConfigurationIsVisible = 0;
			defaultConfigurationName = Release;
		};
		C2C0A696258E7A690038A67C /* Build configuration list for PBXNativeTarget "Example" */ = {
			isa = XCConfigurationList;
			buildConfigurations = (
				C2C0A697258E7A690038A67C /* Debug */,
				C2C0A698258E7A690038A67C /* Release */,
			);
			defaultConfigurationIsVisible = 0;
			defaultConfigurationName = Release;
		};
/* End XCConfigurationList section */
	};
	rootObject = C2C0A67E258E7A680038A67C /* Project object */;
}
