// !$*UTF8*$!
{
	archiveVersion = 1;
	classes = {
	};
	objectVersion = 50;
	objects = {

/* Begin PBXBuildFile section */
		C282EB3925DD9A2A00FF8407 /* WindowController.swift in Sources */ = {isa = PBXBuildFile; fileRef = C282EB3825DD9A2A00FF8407 /* WindowController.swift */; };
		C282EB3C25DD9A3D00FF8407 /* Notifications.swift in Sources */ = {isa = PBXBuildFile; fileRef = C282EB3B25DD9A3D00FF8407 /* Notifications.swift */; };
		C2914E5B25DD7F2500999D5B /* AppDelegate.swift in Sources */ = {isa = PBXBuildFile; fileRef = C2914E5A25DD7F2500999D5B /* AppDelegate.swift */; };
		C2914E5D25DD7F2500999D5B /* ViewController.swift in Sources */ = {isa = PBXBuildFile; fileRef = C2914E5C25DD7F2500999D5B /* ViewController.swift */; };
		C2914E5F25DD7F2500999D5B /* Assets.xcassets in Resources */ = {isa = PBXBuildFile; fileRef = C2914E5E25DD7F2500999D5B /* Assets.xcassets */; };
		C2914E6225DD7F2500999D5B /* Main.storyboard in Resources */ = {isa = PBXBuildFile; fileRef = C2914E6025DD7F2500999D5B /* Main.storyboard */; };
		C2B7AA5525E15B1A006258ED /* TSConfig.swift in Sources */ = {isa = PBXBuildFile; fileRef = C2B7AA4725E15B1A006258ED /* TSConfig.swift */; };
		C2B7AA5625E15B1A006258ED /* WKGenerated.swift in Sources */ = {isa = PBXBuildFile; fileRef = C2B7AA4A25E15B1A006258ED /* WKGenerated.swift */; };
		C2B7AA5725E15B1A006258ED /* WKExtensions.swift in Sources */ = {isa = PBXBuildFile; fileRef = C2B7AA4B25E15B1A006258ED /* WKExtensions.swift */; };
		C2B7AA5825E15B1A006258ED /* TypeScript.swift in Sources */ = {isa = PBXBuildFile; fileRef = C2B7AA4C25E15B1A006258ED /* TypeScript.swift */; };
		C2B7AA5925E15B1A006258ED /* TS+global.swift in Sources */ = {isa = PBXBuildFile; fileRef = C2B7AA4E25E15B1A006258ED /* TS+global.swift */; };
		C2B7AA5A25E15B1A006258ED /* TS+index.swift in Sources */ = {isa = PBXBuildFile; fileRef = C2B7AA4F25E15B1A006258ED /* TS+index.swift */; };
		C2B7AA5B25E15B1A006258ED /* TS+mode.swift in Sources */ = {isa = PBXBuildFile; fileRef = C2B7AA5025E15B1A006258ED /* TS+mode.swift */; };
		C2B7AA5C25E15B1A006258ED /* TS+player.swift in Sources */ = {isa = PBXBuildFile; fileRef = C2B7AA5125E15B1A006258ED /* TS+player.swift */; };
		C2B7AA5D25E15B1A006258ED /* TSUtility.swift in Sources */ = {isa = PBXBuildFile; fileRef = C2B7AA5325E15B1A006258ED /* TSUtility.swift */; };
		C2B7AA5E25E15B1A006258ED /* TSFunction.swift in Sources */ = {isa = PBXBuildFile; fileRef = C2B7AA5425E15B1A006258ED /* TSFunction.swift */; };
		C2B7AA6F25E15F62006258ED /* Shared in Resources */ = {isa = PBXBuildFile; fileRef = C2B7AA6E25E15F62006258ED /* Shared */; };
		C2B7AA7225E15F78006258ED /* dist in Resources */ = {isa = PBXBuildFile; fileRef = C2B7AA7125E15F78006258ED /* dist */; };
/* End PBXBuildFile section */

/* Begin PBXFileReference section */
		C282EB3825DD9A2A00FF8407 /* WindowController.swift */ = {isa = PBXFileReference; lastKnownFileType = sourcecode.swift; path = WindowController.swift; sourceTree = "<group>"; };
		C282EB3B25DD9A3D00FF8407 /* Notifications.swift */ = {isa = PBXFileReference; lastKnownFileType = sourcecode.swift; path = Notifications.swift; sourceTree = "<group>"; };
		C2914E5725DD7F2500999D5B /* Demo.app */ = {isa = PBXFileReference; explicitFileType = wrapper.application; includeInIndex = 0; path = Demo.app; sourceTree = BUILT_PRODUCTS_DIR; };
		C2914E5A25DD7F2500999D5B /* AppDelegate.swift */ = {isa = PBXFileReference; lastKnownFileType = sourcecode.swift; path = AppDelegate.swift; sourceTree = "<group>"; };
		C2914E5C25DD7F2500999D5B /* ViewController.swift */ = {isa = PBXFileReference; lastKnownFileType = sourcecode.swift; path = ViewController.swift; sourceTree = "<group>"; };
		C2914E5E25DD7F2500999D5B /* Assets.xcassets */ = {isa = PBXFileReference; lastKnownFileType = folder.assetcatalog; path = Assets.xcassets; sourceTree = "<group>"; };
		C2914E6125DD7F2500999D5B /* Base */ = {isa = PBXFileReference; lastKnownFileType = file.storyboard; name = Base; path = Base.lproj/Main.storyboard; sourceTree = "<group>"; };
		C2914E6325DD7F2500999D5B /* Info.plist */ = {isa = PBXFileReference; lastKnownFileType = text.plist.xml; path = Info.plist; sourceTree = "<group>"; };
		C2914E6425DD7F2500999D5B /* Demo.entitlements */ = {isa = PBXFileReference; lastKnownFileType = text.plist.entitlements; path = Demo.entitlements; sourceTree = "<group>"; };
		C2B7AA4725E15B1A006258ED /* TSConfig.swift */ = {isa = PBXFileReference; fileEncoding = 4; lastKnownFileType = sourcecode.swift; path = TSConfig.swift; sourceTree = "<group>"; };
		C2B7AA4A25E15B1A006258ED /* WKGenerated.swift */ = {isa = PBXFileReference; fileEncoding = 4; lastKnownFileType = sourcecode.swift; path = WKGenerated.swift; sourceTree = "<group>"; };
		C2B7AA4B25E15B1A006258ED /* WKExtensions.swift */ = {isa = PBXFileReference; fileEncoding = 4; lastKnownFileType = sourcecode.swift; path = WKExtensions.swift; sourceTree = "<group>"; };
		C2B7AA4C25E15B1A006258ED /* TypeScript.swift */ = {isa = PBXFileReference; fileEncoding = 4; lastKnownFileType = sourcecode.swift; path = TypeScript.swift; sourceTree = "<group>"; };
		C2B7AA4E25E15B1A006258ED /* TS+global.swift */ = {isa = PBXFileReference; fileEncoding = 4; lastKnownFileType = sourcecode.swift; path = "TS+global.swift"; sourceTree = "<group>"; };
		C2B7AA4F25E15B1A006258ED /* TS+index.swift */ = {isa = PBXFileReference; fileEncoding = 4; lastKnownFileType = sourcecode.swift; path = "TS+index.swift"; sourceTree = "<group>"; };
		C2B7AA5025E15B1A006258ED /* TS+mode.swift */ = {isa = PBXFileReference; fileEncoding = 4; lastKnownFileType = sourcecode.swift; path = "TS+mode.swift"; sourceTree = "<group>"; };
		C2B7AA5125E15B1A006258ED /* TS+player.swift */ = {isa = PBXFileReference; fileEncoding = 4; lastKnownFileType = sourcecode.swift; path = "TS+player.swift"; sourceTree = "<group>"; };
		C2B7AA5325E15B1A006258ED /* TSUtility.swift */ = {isa = PBXFileReference; fileEncoding = 4; lastKnownFileType = sourcecode.swift; path = TSUtility.swift; sourceTree = "<group>"; };
		C2B7AA5425E15B1A006258ED /* TSFunction.swift */ = {isa = PBXFileReference; fileEncoding = 4; lastKnownFileType = sourcecode.swift; path = TSFunction.swift; sourceTree = "<group>"; };
		C2B7AA6E25E15F62006258ED /* Shared */ = {isa = PBXFileReference; lastKnownFileType = folder; name = Shared; path = ../../Shared; sourceTree = "<group>"; };
		C2B7AA7125E15F78006258ED /* dist */ = {isa = PBXFileReference; lastKnownFileType = folder; name = dist; path = ../../../../dist; sourceTree = "<group>"; };
/* End PBXFileReference section */

/* Begin PBXFrameworksBuildPhase section */
		C2914E5425DD7F2500999D5B /* Frameworks */ = {
			isa = PBXFrameworksBuildPhase;
			buildActionMask = 2147483647;
			files = (
			);
			runOnlyForDeploymentPostprocessing = 0;
		};
/* End PBXFrameworksBuildPhase section */

/* Begin PBXGroup section */
		C2914E4E25DD7F2500999D5B = {
			isa = PBXGroup;
			children = (
				C2914E5925DD7F2500999D5B /* Demo */,
				C2914E5825DD7F2500999D5B /* Products */,
			);
			sourceTree = "<group>";
		};
		C2914E5825DD7F2500999D5B /* Products */ = {
			isa = PBXGroup;
			children = (
				C2914E5725DD7F2500999D5B /* Demo.app */,
			);
			name = Products;
			sourceTree = "<group>";
		};
		C2914E5925DD7F2500999D5B /* Demo */ = {
			isa = PBXGroup;
			children = (
				C2914E5A25DD7F2500999D5B /* AppDelegate.swift */,
				C2914E5C25DD7F2500999D5B /* ViewController.swift */,
				C282EB3825DD9A2A00FF8407 /* WindowController.swift */,
				C282EB3B25DD9A3D00FF8407 /* Notifications.swift */,
				C2B7AA4525E15B1A006258ED /* TypeScript */,
				C2914E5E25DD7F2500999D5B /* Assets.xcassets */,
				C2914E6025DD7F2500999D5B /* Main.storyboard */,
				C2B7AA6E25E15F62006258ED /* Shared */,
				C2B7AA7125E15F78006258ED /* dist */,
				C2914E6325DD7F2500999D5B /* Info.plist */,
				C2914E6425DD7F2500999D5B /* Demo.entitlements */,
			);
			path = Demo;
			sourceTree = "<group>";
		};
		C2B7AA4525E15B1A006258ED /* TypeScript */ = {
			isa = PBXGroup;
			children = (
				C2B7AA4625E15B1A006258ED /* Configuration */,
				C2B7AA4825E15B1A006258ED /* Extensions */,
				C2B7AA4C25E15B1A006258ED /* TypeScript.swift */,
				C2B7AA4D25E15B1A006258ED /* Files */,
				C2B7AA5225E15B1A006258ED /* Helpers */,
			);
			name = TypeScript;
			path = ../../../TypeScript;
			sourceTree = "<group>";
		};
		C2B7AA4625E15B1A006258ED /* Configuration */ = {
			isa = PBXGroup;
			children = (
				C2B7AA4725E15B1A006258ED /* TSConfig.swift */,
			);
			path = Configuration;
			sourceTree = "<group>";
		};
		C2B7AA4825E15B1A006258ED /* Extensions */ = {
			isa = PBXGroup;
			children = (
				C2B7AA4925E15B1A006258ED /* Generated */,
				C2B7AA4B25E15B1A006258ED /* WKExtensions.swift */,
			);
			path = Extensions;
			sourceTree = "<group>";
		};
		C2B7AA4925E15B1A006258ED /* Generated */ = {
			isa = PBXGroup;
			children = (
				C2B7AA4A25E15B1A006258ED /* WKGenerated.swift */,
			);
			path = Generated;
			sourceTree = "<group>";
		};
		C2B7AA4D25E15B1A006258ED /* Files */ = {
			isa = PBXGroup;
			children = (
				C2B7AA4E25E15B1A006258ED /* TS+global.swift */,
				C2B7AA4F25E15B1A006258ED /* TS+index.swift */,
				C2B7AA5025E15B1A006258ED /* TS+mode.swift */,
				C2B7AA5125E15B1A006258ED /* TS+player.swift */,
			);
			path = Files;
			sourceTree = "<group>";
		};
		C2B7AA5225E15B1A006258ED /* Helpers */ = {
			isa = PBXGroup;
			children = (
				C2B7AA5425E15B1A006258ED /* TSFunction.swift */,
				C2B7AA5325E15B1A006258ED /* TSUtility.swift */,
			);
			path = Helpers;
			sourceTree = "<group>";
		};
/* End PBXGroup section */

/* Begin PBXNativeTarget section */
		C2914E5625DD7F2500999D5B /* Demo */ = {
			isa = PBXNativeTarget;
			buildConfigurationList = C2914E6725DD7F2500999D5B /* Build configuration list for PBXNativeTarget "Demo" */;
			buildPhases = (
				C2914E5325DD7F2500999D5B /* Sources */,
				C2914E5425DD7F2500999D5B /* Frameworks */,
				C2914E5525DD7F2500999D5B /* Resources */,
			);
			buildRules = (
			);
			dependencies = (
			);
			name = Demo;
			productName = Demo;
			productReference = C2914E5725DD7F2500999D5B /* Demo.app */;
			productType = "com.apple.product-type.application";
		};
/* End PBXNativeTarget section */

/* Begin PBXProject section */
		C2914E4F25DD7F2500999D5B /* Project object */ = {
			isa = PBXProject;
			attributes = {
				LastSwiftUpdateCheck = 1220;
				LastUpgradeCheck = 1220;
				TargetAttributes = {
					C2914E5625DD7F2500999D5B = {
						CreatedOnToolsVersion = 12.2;
					};
				};
			};
			buildConfigurationList = C2914E5225DD7F2500999D5B /* Build configuration list for PBXProject "Demo" */;
			compatibilityVersion = "Xcode 9.3";
			developmentRegion = en;
			hasScannedForEncodings = 0;
			knownRegions = (
				en,
				Base,
			);
			mainGroup = C2914E4E25DD7F2500999D5B;
			productRefGroup = C2914E5825DD7F2500999D5B /* Products */;
			projectDirPath = "";
			projectRoot = "";
			targets = (
				C2914E5625DD7F2500999D5B /* Demo */,
			);
		};
/* End PBXProject section */

/* Begin PBXResourcesBuildPhase section */
		C2914E5525DD7F2500999D5B /* Resources */ = {
			isa = PBXResourcesBuildPhase;
			buildActionMask = 2147483647;
			files = (
				C2B7AA7225E15F78006258ED /* dist in Resources */,
				C2914E5F25DD7F2500999D5B /* Assets.xcassets in Resources */,
				C2914E6225DD7F2500999D5B /* Main.storyboard in Resources */,
				C2B7AA6F25E15F62006258ED /* Shared in Resources */,
			);
			runOnlyForDeploymentPostprocessing = 0;
		};
/* End PBXResourcesBuildPhase section */

/* Begin PBXSourcesBuildPhase section */
		C2914E5325DD7F2500999D5B /* Sources */ = {
			isa = PBXSourcesBuildPhase;
			buildActionMask = 2147483647;
			files = (
				C2B7AA5525E15B1A006258ED /* TSConfig.swift in Sources */,
				C2B7AA5E25E15B1A006258ED /* TSFunction.swift in Sources */,
				C2B7AA5825E15B1A006258ED /* TypeScript.swift in Sources */,
				C2914E5D25DD7F2500999D5B /* ViewController.swift in Sources */,
				C282EB3C25DD9A3D00FF8407 /* Notifications.swift in Sources */,
				C282EB3925DD9A2A00FF8407 /* WindowController.swift in Sources */,
				C2B7AA5625E15B1A006258ED /* WKGenerated.swift in Sources */,
				C2B7AA5D25E15B1A006258ED /* TSUtility.swift in Sources */,
				C2914E5B25DD7F2500999D5B /* AppDelegate.swift in Sources */,
				C2B7AA5C25E15B1A006258ED /* TS+player.swift in Sources */,
				C2B7AA5725E15B1A006258ED /* WKExtensions.swift in Sources */,
				C2B7AA5925E15B1A006258ED /* TS+global.swift in Sources */,
				C2B7AA5A25E15B1A006258ED /* TS+index.swift in Sources */,
				C2B7AA5B25E15B1A006258ED /* TS+mode.swift in Sources */,
			);
			runOnlyForDeploymentPostprocessing = 0;
		};
/* End PBXSourcesBuildPhase section */

/* Begin PBXVariantGroup section */
		C2914E6025DD7F2500999D5B /* Main.storyboard */ = {
			isa = PBXVariantGroup;
			children = (
				C2914E6125DD7F2500999D5B /* Base */,
			);
			name = Main.storyboard;
			sourceTree = "<group>";
		};
/* End PBXVariantGroup section */

/* Begin XCBuildConfiguration section */
		C2914E6525DD7F2500999D5B /* Debug */ = {
			isa = XCBuildConfiguration;
			buildSettings = {
				ALWAYS_SEARCH_USER_PATHS = NO;
				CLANG_ANALYZER_NONNULL = YES;
				CLANG_ANALYZER_NUMBER_OBJECT_CONVERSION = YES_AGGRESSIVE;
				CLANG_CXX_LANGUAGE_STANDARD = "gnu++14";
				CLANG_CXX_LIBRARY = "libc++";
				CLANG_ENABLE_MODULES = YES;
				CLANG_ENABLE_OBJC_ARC = YES;
				CLANG_ENABLE_OBJC_WEAK = YES;
				CLANG_WARN_BLOCK_CAPTURE_AUTORELEASING = YES;
				CLANG_WARN_BOOL_CONVERSION = YES;
				CLANG_WARN_COMMA = YES;
				CLANG_WARN_CONSTANT_CONVERSION = YES;
				CLANG_WARN_DEPRECATED_OBJC_IMPLEMENTATIONS = YES;
				CLANG_WARN_DIRECT_OBJC_ISA_USAGE = YES_ERROR;
				CLANG_WARN_DOCUMENTATION_COMMENTS = YES;
				CLANG_WARN_EMPTY_BODY = YES;
				CLANG_WARN_ENUM_CONVERSION = YES;
				CLANG_WARN_INFINITE_RECURSION = YES;
				CLANG_WARN_INT_CONVERSION = YES;
				CLANG_WARN_NON_LITERAL_NULL_CONVERSION = YES;
				CLANG_WARN_OBJC_IMPLICIT_RETAIN_SELF = YES;
				CLANG_WARN_OBJC_LITERAL_CONVERSION = YES;
				CLANG_WARN_OBJC_ROOT_CLASS = YES_ERROR;
				CLANG_WARN_QUOTED_INCLUDE_IN_FRAMEWORK_HEADER = YES;
				CLANG_WARN_RANGE_LOOP_ANALYSIS = YES;
				CLANG_WARN_STRICT_PROTOTYPES = YES;
				CLANG_WARN_SUSPICIOUS_MOVE = YES;
				CLANG_WARN_UNGUARDED_AVAILABILITY = YES_AGGRESSIVE;
				CLANG_WARN_UNREACHABLE_CODE = YES;
				CLANG_WARN__DUPLICATE_METHOD_MATCH = YES;
				COPY_PHASE_STRIP = NO;
				DEBUG_INFORMATION_FORMAT = dwarf;
				ENABLE_STRICT_OBJC_MSGSEND = YES;
				ENABLE_TESTABILITY = YES;
				GCC_C_LANGUAGE_STANDARD = gnu11;
				GCC_DYNAMIC_NO_PIC = NO;
				GCC_NO_COMMON_BLOCKS = YES;
				GCC_OPTIMIZATION_LEVEL = 0;
				GCC_PREPROCESSOR_DEFINITIONS = (
					"DEBUG=1",
					"$(inherited)",
				);
				GCC_WARN_64_TO_32_BIT_CONVERSION = YES;
				GCC_WARN_ABOUT_RETURN_TYPE = YES_ERROR;
				GCC_WARN_UNDECLARED_SELECTOR = YES;
				GCC_WARN_UNINITIALIZED_AUTOS = YES_AGGRESSIVE;
				GCC_WARN_UNUSED_FUNCTION = YES;
				GCC_WARN_UNUSED_VARIABLE = YES;
				MACOSX_DEPLOYMENT_TARGET = 11.0;
				MTL_ENABLE_DEBUG_INFO = INCLUDE_SOURCE;
				MTL_FAST_MATH = YES;
				ONLY_ACTIVE_ARCH = YES;
				SDKROOT = macosx;
				SWIFT_ACTIVE_COMPILATION_CONDITIONS = DEBUG;
				SWIFT_OPTIMIZATION_LEVEL = "-Onone";
			};
			name = Debug;
		};
		C2914E6625DD7F2500999D5B /* Release */ = {
			isa = XCBuildConfiguration;
			buildSettings = {
				ALWAYS_SEARCH_USER_PATHS = NO;
				CLANG_ANALYZER_NONNULL = YES;
				CLANG_ANALYZER_NUMBER_OBJECT_CONVERSION = YES_AGGRESSIVE;
				CLANG_CXX_LANGUAGE_STANDARD = "gnu++14";
				CLANG_CXX_LIBRARY = "libc++";
				CLANG_ENABLE_MODULES = YES;
				CLANG_ENABLE_OBJC_ARC = YES;
				CLANG_ENABLE_OBJC_WEAK = YES;
				CLANG_WARN_BLOCK_CAPTURE_AUTORELEASING = YES;
				CLANG_WARN_BOOL_CONVERSION = YES;
				CLANG_WARN_COMMA = YES;
				CLANG_WARN_CONSTANT_CONVERSION = YES;
				CLANG_WARN_DEPRECATED_OBJC_IMPLEMENTATIONS = YES;
				CLANG_WARN_DIRECT_OBJC_ISA_USAGE = YES_ERROR;
				CLANG_WARN_DOCUMENTATION_COMMENTS = YES;
				CLANG_WARN_EMPTY_BODY = YES;
				CLANG_WARN_ENUM_CONVERSION = YES;
				CLANG_WARN_INFINITE_RECURSION = YES;
				CLANG_WARN_INT_CONVERSION = YES;
				CLANG_WARN_NON_LITERAL_NULL_CONVERSION = YES;
				CLANG_WARN_OBJC_IMPLICIT_RETAIN_SELF = YES;
				CLANG_WARN_OBJC_LITERAL_CONVERSION = YES;
				CLANG_WARN_OBJC_ROOT_CLASS = YES_ERROR;
				CLANG_WARN_QUOTED_INCLUDE_IN_FRAMEWORK_HEADER = YES;
				CLANG_WARN_RANGE_LOOP_ANALYSIS = YES;
				CLANG_WARN_STRICT_PROTOTYPES = YES;
				CLANG_WARN_SUSPICIOUS_MOVE = YES;
				CLANG_WARN_UNGUARDED_AVAILABILITY = YES_AGGRESSIVE;
				CLANG_WARN_UNREACHABLE_CODE = YES;
				CLANG_WARN__DUPLICATE_METHOD_MATCH = YES;
				COPY_PHASE_STRIP = NO;
				DEBUG_INFORMATION_FORMAT = "dwarf-with-dsym";
				ENABLE_NS_ASSERTIONS = NO;
				ENABLE_STRICT_OBJC_MSGSEND = YES;
				GCC_C_LANGUAGE_STANDARD = gnu11;
				GCC_NO_COMMON_BLOCKS = YES;
				GCC_WARN_64_TO_32_BIT_CONVERSION = YES;
				GCC_WARN_ABOUT_RETURN_TYPE = YES_ERROR;
				GCC_WARN_UNDECLARED_SELECTOR = YES;
				GCC_WARN_UNINITIALIZED_AUTOS = YES_AGGRESSIVE;
				GCC_WARN_UNUSED_FUNCTION = YES;
				GCC_WARN_UNUSED_VARIABLE = YES;
				MACOSX_DEPLOYMENT_TARGET = 11.0;
				MTL_ENABLE_DEBUG_INFO = NO;
				MTL_FAST_MATH = YES;
				SDKROOT = macosx;
				SWIFT_COMPILATION_MODE = wholemodule;
				SWIFT_OPTIMIZATION_LEVEL = "-O";
			};
			name = Release;
		};
		C2914E6825DD7F2500999D5B /* Debug */ = {
			isa = XCBuildConfiguration;
			buildSettings = {
				ASSETCATALOG_COMPILER_APPICON_NAME = AppIcon;
				ASSETCATALOG_COMPILER_GLOBAL_ACCENT_COLOR_NAME = AccentColor;
				CODE_SIGN_ENTITLEMENTS = Demo/Demo.entitlements;
				CODE_SIGN_STYLE = Automatic;
				COMBINE_HIDPI_IMAGES = YES;
				CURRENT_PROJECT_VERSION = 1000;
				DEVELOPMENT_TEAM = 85N3S3DG8M;
				ENABLE_HARDENED_RUNTIME = YES;
				INFOPLIST_FILE = Demo/Info.plist;
				LD_RUNPATH_SEARCH_PATHS = (
					"$(inherited)",
					"@executable_path/../Frameworks",
				);
				MARKETING_VERSION = 0.0.1;
				PRODUCT_BUNDLE_IDENTIFIER = "com.inter-ops.WKTypeScript.Demo-macOS";
				PRODUCT_NAME = "$(TARGET_NAME)";
				SWIFT_VERSION = 5.0;
			};
			name = Debug;
		};
		C2914E6925DD7F2500999D5B /* Release */ = {
			isa = XCBuildConfiguration;
			buildSettings = {
				ASSETCATALOG_COMPILER_APPICON_NAME = AppIcon;
				ASSETCATALOG_COMPILER_GLOBAL_ACCENT_COLOR_NAME = AccentColor;
				CODE_SIGN_ENTITLEMENTS = Demo/Demo.entitlements;
				CODE_SIGN_STYLE = Automatic;
				COMBINE_HIDPI_IMAGES = YES;
				CURRENT_PROJECT_VERSION = 1000;
				DEVELOPMENT_TEAM = 85N3S3DG8M;
				ENABLE_HARDENED_RUNTIME = YES;
				INFOPLIST_FILE = Demo/Info.plist;
				LD_RUNPATH_SEARCH_PATHS = (
					"$(inherited)",
					"@executable_path/../Frameworks",
				);
				MARKETING_VERSION = 0.0.1;
				PRODUCT_BUNDLE_IDENTIFIER = "com.inter-ops.WKTypeScript.Demo-macOS";
				PRODUCT_NAME = "$(TARGET_NAME)";
				SWIFT_VERSION = 5.0;
			};
			name = Release;
		};
/* End XCBuildConfiguration section */

/* Begin XCConfigurationList section */
		C2914E5225DD7F2500999D5B /* Build configuration list for PBXProject "Demo" */ = {
			isa = XCConfigurationList;
			buildConfigurations = (
				C2914E6525DD7F2500999D5B /* Debug */,
				C2914E6625DD7F2500999D5B /* Release */,
			);
			defaultConfigurationIsVisible = 0;
			defaultConfigurationName = Release;
		};
		C2914E6725DD7F2500999D5B /* Build configuration list for PBXNativeTarget "Demo" */ = {
			isa = XCConfigurationList;
			buildConfigurations = (
				C2914E6825DD7F2500999D5B /* Debug */,
				C2914E6925DD7F2500999D5B /* Release */,
			);
			defaultConfigurationIsVisible = 0;
			defaultConfigurationName = Release;
		};
/* End XCConfigurationList section */
	};
	rootObject = C2914E4F25DD7F2500999D5B /* Project object */;
}
